{
  "version": 2,
  "dependencies": {
    "net10.0": {
      "Microsoft.EntityFrameworkCore.Abstractions": {
        "type": "Transitive",
        "resolved": "10.0.12",
        "contentHash": "kDrux7T6C3V/YYYe2LXr7x6AEsVyq5Y2YoTE9er1SwbDtap3z1g8RgxNh5eKQVyB4T+DKvBBJ4Ezd/VZzJQJZg=="
      },
      "Microsoft.EntityFrameworkCore.Analyzers": {
        "type": "Transitive",
        "resolved": "10.0.12",
        "contentHash": "Kd4o2oO1A6dfKxjz5LS16QyLtpCFTUiFWwmBABETAXRsSImBdRdWeKjSgbbRhAMiV3a3/nWr95ZtzClT4uaADQ=="
      },
      "auditarium.bll": {
        "type": "Project",
        "dependencies": {
          "Auditarium.Common": "[1.0.0, )",
          "Auditarium.Models": "[1.0.0, )",
          "Cronos": "[0.11.0, )",
          "FluentValidation": "[12.1.1, )",
          "FluentValidation.DependencyInjectionExtensions": "[12.1.1, )",
          "Mediator.Abstractions": "[3.0.2, )",
          "Microsoft.EntityFrameworkCore": "[10.0.12, )",
          "OpenTelemetry.Api": "[1.18.0, )"
        }
      },
      "auditarium.common": {
        "type": "Project"
      },
      "auditarium.models": {
        "type": "Project"
      },
      "Cronos": {
        "type": "CentralTransitive",
        "requested": "[0.11.0, )",
        "resolved": "0.11.0",
        "contentHash": "ovNrFIuKTbeNYx+1Tne8DkY/nJ+bRoS0/bTrCBzeAuMvLbX2nJprwcdRqZIwwLRsaghqBU932QvJ6mryTycc/A=="
      },
      "FluentValidation": {
        "type": "CentralTransitive",
        "requested": "[12.1.1, )",
        "resolved": "12.1.1",
        "contentHash": "EPpkIe1yh1a0OXyC100oOA8WMbZvqUu5plwhvYcb7oSELfyUZzfxV48BLhvs3kKo4NwG7MGLNgy1RJiYtT8Dpw=="
      },
      "FluentValidation.DependencyInjectionExtensions": {
        "type": "CentralTransitive",
        "requested": "[12.1.1, )",
        "resolved": "12.1.1",
        "contentHash": "D0VXh4dtjjX2aQizuaa0g6R8X3U1JaVqJPfGCvLwZX9t/O2h7tkpbitbadQMfwcgSPdDbI2vDxuwRMv/Uf9dHA==",
        "dependencies": {
          "FluentValidation": "12.1.1"
        }
      },
      "Mediator.Abstractions": {
        "type": "CentralTransitive",
        "requested": "[3.0.2, )",
        "resolved": "3.0.2",
        "contentHash": "TytjnyN8gLObZBxkM7HHPFJF3LHtk6Y8mHW56ONuXRuVEK6Fmed3f0z79H9TpmoZQP2zQAIS4/0O9R2w0v02qw=="
      },
      "Microsoft.EntityFrameworkCore": {
        "type": "CentralTransitive",
        "requested": "[10.0.12, )",
        "resolved": "10.0.12",
        "contentHash": "e7OrVN8U5yr4kuwdTHWBHGVQIVsGfMkAr0Ej1/BnrS989Q0XBVANpIzNZ2bc1GvMZ0/XwMt5InTnmKskxGy99Q==",
        "dependencies": {
          "Microsoft.EntityFrameworkCore.Abstractions": "10.0.12",
          "Microsoft.EntityFrameworkCore.Analyzers": "10.0.12"
        }
      },
      "OpenTelemetry.Api": {
        "type": "CentralTransitive",
        "requested": "[1.18.0, )",
        "resolved": "1.18.0",
        "contentHash": "Dhzm5oughIY9EWckt2J1yXcEbXpki5WCL2q7prJoYxzH6C7jdkfGtPMTkUVZZ4AhjJKzQnlC+kLSIlmIVwC4Vw=="
      }
    }
  }
}